
Microsoft Visual Studio Solution File, Format Version 12.00
# Visual Studio Version 17
VisualStudioVersion = 17.5.002.0
MinimumVisualStudioVersion = 10.0.40219.1
Project("{9A19103F-16F7-4668-BE54-9A1E7A4F7556}") = "Sudoku", "Sudoku.csproj", "{EC6F5612-E96D-4E98-BE81-B381E50196E2}"
EndProject
Global
	GlobalSection(SolutionConfigurationPlatforms) = preSolution
		Debug|Any CPU = Debug|Any CPU
		Release|Any CPU = Release|Any CPU
	EndGlobalSection
	GlobalSection(ProjectConfigurationPlatforms) = postSolution
		{EC6F5612-E96D-4E98-BE81-B381E50196E2}.Debug|Any CPU.ActiveCfg = Debug|Any CPU
		{EC6F5612-E96D-4E98-BE81-B381E50196E2}.Debug|Any CPU.Build.0 = Debug|Any CPU
		{EC6F5612-E96D-4E98-BE81-B381E50196E2}.Release|Any CPU.ActiveCfg = Release|Any CPU
		{EC6F5612-E96D-4E98-BE81-B381E50196E2}.Release|Any CPU.Build.0 = Release|Any CPU
	EndGlobalSection
	GlobalSection(SolutionProperties) = preSolution
		HideSolutionNode = FALSE
	EndGlobalSection
	GlobalSection(ExtensibilityGlobals) = postSolution
		SolutionGuid = {56269E5B-781B-4B8B-9094-D3B9434C312B}
	EndGlobalSection
EndGlobal
